
Microsoft Visual Studio Solution File, Format Version 12.00
# Visual Studio Version 16
VisualStudioVersion = 16.0.29613.14
MinimumVisualStudioVersion = 10.0.40219.1
Project("{FAE04EC0-301F-11D3-BF4B-00C04F79EFBC}") = "SnowCatcher", "Processing\SnowCatcher.csproj", "{C863DC3E-0822-4EE8-BF18-042222CB7A46}"
EndProject
Project("{FAE04EC0-301F-11D3-BF4B-00C04F79EFBC}") = "ProcessingSketch", "ProcessingSketch\ProcessingSketch.csproj", "{C06D13B7-EBCA-49D3-9320-684C7BF1D2A9}"
EndProject
Project("{FAE04EC0-301F-11D3-BF4B-00C04F79EFBC}") = "HelloWorld", "Hello_World\HelloWorld.csproj", "{D03C4F43-45C2-45C4-9D93-938D0643C098}"
EndProject
Project("{FAE04EC0-301F-11D3-BF4B-00C04F79EFBC}") = "Quadratic Equation Solver", "Quadratic Equation Solver\Quadratic Equation Solver.csproj", "{8FBE10F3-7BD6-43A9-8EF1-97ECC6676810}"
EndProject
Project("{FAE04EC0-301F-11D3-BF4B-00C04F79EFBC}") = "Euclidean Algorithm", "Euclidean Algorithm\Euclidean Algorithm.csproj", "{1C397F86-95A0-4471-9867-87357535F787}"
EndProject
Global
	GlobalSection(SolutionConfigurationPlatforms) = preSolution
		Debug|Any CPU = Debug|Any CPU
		Release|Any CPU = Release|Any CPU
	EndGlobalSection
	GlobalSection(ProjectConfigurationPlatforms) = postSolution
		{C863DC3E-0822-4EE8-BF18-042222CB7A46}.Debug|Any CPU.ActiveCfg = Debug|Any CPU
		{C863DC3E-0822-4EE8-BF18-042222CB7A46}.Debug|Any CPU.Build.0 = Debug|Any CPU
		{C863DC3E-0822-4EE8-BF18-042222CB7A46}.Release|Any CPU.ActiveCfg = Release|Any CPU
		{C863DC3E-0822-4EE8-BF18-042222CB7A46}.Release|Any CPU.Build.0 = Release|Any CPU
		{C06D13B7-EBCA-49D3-9320-684C7BF1D2A9}.Debug|Any CPU.ActiveCfg = Debug|Any CPU
		{C06D13B7-EBCA-49D3-9320-684C7BF1D2A9}.Debug|Any CPU.Build.0 = Debug|Any CPU
		{C06D13B7-EBCA-49D3-9320-684C7BF1D2A9}.Release|Any CPU.ActiveCfg = Release|Any CPU
		{C06D13B7-EBCA-49D3-9320-684C7BF1D2A9}.Release|Any CPU.Build.0 = Release|Any CPU
		{D03C4F43-45C2-45C4-9D93-938D0643C098}.Debug|Any CPU.ActiveCfg = Debug|Any CPU
		{D03C4F43-45C2-45C4-9D93-938D0643C098}.Debug|Any CPU.Build.0 = Debug|Any CPU
		{D03C4F43-45C2-45C4-9D93-938D0643C098}.Release|Any CPU.ActiveCfg = Release|Any CPU
		{D03C4F43-45C2-45C4-9D93-938D0643C098}.Release|Any CPU.Build.0 = Release|Any CPU
		{8FBE10F3-7BD6-43A9-8EF1-97ECC6676810}.Debug|Any CPU.ActiveCfg = Debug|Any CPU
		{8FBE10F3-7BD6-43A9-8EF1-97ECC6676810}.Debug|Any CPU.Build.0 = Debug|Any CPU
		{8FBE10F3-7BD6-43A9-8EF1-97ECC6676810}.Release|Any CPU.ActiveCfg = Release|Any CPU
		{8FBE10F3-7BD6-43A9-8EF1-97ECC6676810}.Release|Any CPU.Build.0 = Release|Any CPU
		{1C397F86-95A0-4471-9867-87357535F787}.Debug|Any CPU.ActiveCfg = Debug|Any CPU
		{1C397F86-95A0-4471-9867-87357535F787}.Debug|Any CPU.Build.0 = Debug|Any CPU
		{1C397F86-95A0-4471-9867-87357535F787}.Release|Any CPU.ActiveCfg = Release|Any CPU
		{1C397F86-95A0-4471-9867-87357535F787}.Release|Any CPU.Build.0 = Release|Any CPU
	EndGlobalSection
	GlobalSection(SolutionProperties) = preSolution
		HideSolutionNode = FALSE
	EndGlobalSection
	GlobalSection(ExtensibilityGlobals) = postSolution
		SolutionGuid = {B6751D9D-770B-4F73-AA63-B38FAF2B146F}
	EndGlobalSection
EndGlobal
